// !$*UTF8*$!
{
	archiveVersion = 1;
	classes = {
	};
	objectVersion = 50;
	objects = {

/* Begin PBXBuildFile section */
		3C5668392140EE81004575D2 /* PhotoCell.swift in Sources */ = {isa = PBXBuildFile; fileRef = 3C5668382140EE81004575D2 /* PhotoCell.swift */; };
		3CB445E2213FA6520056AC12 /* PhotosViewController.swift in Sources */ = {isa = PBXBuildFile; fileRef = 3CB445E1213FA6520056AC12 /* PhotosViewController.swift */; };
		3CD17796213FA3A4004E6F41 /* AppDelegate.swift in Sources */ = {isa = PBXBuildFile; fileRef = 3CD17795213FA3A4004E6F41 /* AppDelegate.swift */; };
		3CD1779B213FA3A4004E6F41 /* Main.storyboard in Resources */ = {isa = PBXBuildFile; fileRef = 3CD17799213FA3A4004E6F41 /* Main.storyboard */; };
		3CD1779D213FA3A7004E6F41 /* Assets.xcassets in Resources */ = {isa = PBXBuildFile; fileRef = 3CD1779C213FA3A7004E6F41 /* Assets.xcassets */; };
		3CD177A0213FA3A7004E6F41 /* LaunchScreen.storyboard in Resources */ = {isa = PBXBuildFile; fileRef = 3CD1779E213FA3A7004E6F41 /* LaunchScreen.storyboard */; };
		3CD177AB213FA3A8004E6F41 /* TumblrTests.swift in Sources */ = {isa = PBXBuildFile; fileRef = 3CD177AA213FA3A8004E6F41 /* TumblrTests.swift */; };
		3CD177B6213FA3A8004E6F41 /* TumblrUITests.swift in Sources */ = {isa = PBXBuildFile; fileRef = 3CD177B5213FA3A8004E6F41 /* TumblrUITests.swift */; };
		908DAE97ACB1F270B5CCB568 /* Pods_TumblrTests.framework in Frameworks */ = {isa = PBXBuildFile; fileRef = ECF051809F872BF58BAE157D /* Pods_TumblrTests.framework */; };
		AE638023D41507916E568197 /* Pods_TumblrUITests.framework in Frameworks */ = {isa = PBXBuildFile; fileRef = E2B7759D7B5AE31562F3D5D5 /* Pods_TumblrUITests.framework */; };
		B78FB835FC362BE440ECFA64 /* Pods_Tumblr.framework in Frameworks */ = {isa = PBXBuildFile; fileRef = FDBC725335877B0BFB06F5F9 /* Pods_Tumblr.framework */; };
/* End PBXBuildFile section */

/* Begin PBXContainerItemProxy section */
		3CD177A7213FA3A8004E6F41 /* PBXContainerItemProxy */ = {
			isa = PBXContainerItemProxy;
			containerPortal = 3CD1778A213FA3A4004E6F41 /* Project object */;
			proxyType = 1;
			remoteGlobalIDString = 3CD17791213FA3A4004E6F41;
			remoteInfo = Tumblr;
		};
		3CD177B2213FA3A8004E6F41 /* PBXContainerItemProxy */ = {
			isa = PBXContainerItemProxy;
			containerPortal = 3CD1778A213FA3A4004E6F41 /* Project object */;
			proxyType = 1;
			remoteGlobalIDString = 3CD17791213FA3A4004E6F41;
			remoteInfo = Tumblr;
		};
/* End PBXContainerItemProxy section */

/* Begin PBXFileReference section */
		3C5668382140EE81004575D2 /* PhotoCell.swift */ = {isa = PBXFileReference; lastKnownFileType = sourcecode.swift; path = PhotoCell.swift; sourceTree = "<group>"; };
		3CB445E1213FA6520056AC12 /* PhotosViewController.swift */ = {isa = PBXFileReference; lastKnownFileType = sourcecode.swift; path = PhotosViewController.swift; sourceTree = "<group>"; };
		3CD17792213FA3A4004E6F41 /* Tumblr.app */ = {isa = PBXFileReference; explicitFileType = wrapper.application; includeInIndex = 0; path = Tumblr.app; sourceTree = BUILT_PRODUCTS_DIR; };
		3CD17795213FA3A4004E6F41 /* AppDelegate.swift */ = {isa = PBXFileReference; lastKnownFileType = sourcecode.swift; path = AppDelegate.swift; sourceTree = "<group>"; };
		3CD1779A213FA3A4004E6F41 /* Base */ = {isa = PBXFileReference; lastKnownFileType = file.storyboard; name = Base; path = Base.lproj/Main.storyboard; sourceTree = "<group>"; };
		3CD1779C213FA3A7004E6F41 /* Assets.xcassets */ = {isa = PBXFileReference; lastKnownFileType = folder.assetcatalog; path = Assets.xcassets; sourceTree = "<group>"; };
		3CD1779F213FA3A7004E6F41 /* Base */ = {isa = PBXFileReference; lastKnownFileType = file.storyboard; name = Base; path = Base.lproj/LaunchScreen.storyboard; sourceTree = "<group>"; };
		3CD177A1213FA3A7004E6F41 /* Info.plist */ = {isa = PBXFileReference; lastKnownFileType = text.plist.xml; path = Info.plist; sourceTree = "<group>"; };
		3CD177A6213FA3A8004E6F41 /* TumblrTests.xctest */ = {isa = PBXFileReference; explicitFileType = wrapper.cfbundle; includeInIndex = 0; path = TumblrTests.xctest; sourceTree = BUILT_PRODUCTS_DIR; };
		3CD177AA213FA3A8004E6F41 /* TumblrTests.swift */ = {isa = PBXFileReference; lastKnownFileType = sourcecode.swift; path = TumblrTests.swift; sourceTree = "<group>"; };
		3CD177AC213FA3A8004E6F41 /* Info.plist */ = {isa = PBXFileReference; lastKnownFileType = text.plist.xml; path = Info.plist; sourceTree = "<group>"; };
		3CD177B1213FA3A8004E6F41 /* TumblrUITests.xctest */ = {isa = PBXFileReference; explicitFileType = wrapper.cfbundle; includeInIndex = 0; path = TumblrUITests.xctest; sourceTree = BUILT_PRODUCTS_DIR; };
		3CD177B5213FA3A8004E6F41 /* TumblrUITests.swift */ = {isa = PBXFileReference; lastKnownFileType = sourcecode.swift; path = TumblrUITests.swift; sourceTree = "<group>"; };
		3CD177B7213FA3A8004E6F41 /* Info.plist */ = {isa = PBXFileReference; lastKnownFileType = text.plist.xml; path = Info.plist; sourceTree = "<group>"; };
		5CC1058BAC68A3E9178F2DCB /* Pods-TumblrUITests.debug.xcconfig */ = {isa = PBXFileReference; includeInIndex = 1; lastKnownFileType = text.xcconfig; name = "Pods-TumblrUITests.debug.xcconfig"; path = "Pods/Target Support Files/Pods-TumblrUITests/Pods-TumblrUITests.debug.xcconfig"; sourceTree = "<group>"; };
		B9141C0C8DEE46626AA06760 /* Pods-Tumblr.release.xcconfig */ = {isa = PBXFileReference; includeInIndex = 1; lastKnownFileType = text.xcconfig; name = "Pods-Tumblr.release.xcconfig"; path = "Pods/Target Support Files/Pods-Tumblr/Pods-Tumblr.release.xcconfig"; sourceTree = "<group>"; };
		C44EDE2B262B11FACEA7EA1E /* Pods-TumblrTests.debug.xcconfig */ = {isa = PBXFileReference; includeInIndex = 1; lastKnownFileType = text.xcconfig; name = "Pods-TumblrTests.debug.xcconfig"; path = "Pods/Target Support Files/Pods-TumblrTests/Pods-TumblrTests.debug.xcconfig"; sourceTree = "<group>"; };
		E2B7759D7B5AE31562F3D5D5 /* Pods_TumblrUITests.framework */ = {isa = PBXFileReference; explicitFileType = wrapper.framework; includeInIndex = 0; path = Pods_TumblrUITests.framework; sourceTree = BUILT_PRODUCTS_DIR; };
		E5457224CAD477A398082B84 /* Pods-Tumblr.debug.xcconfig */ = {isa = PBXFileReference; includeInIndex = 1; lastKnownFileType = text.xcconfig; name = "Pods-Tumblr.debug.xcconfig"; path = "Pods/Target Support Files/Pods-Tumblr/Pods-Tumblr.debug.xcconfig"; sourceTree = "<group>"; };
		E5CC570FCC77649C20382FD0 /* Pods-TumblrUITests.release.xcconfig */ = {isa = PBXFileReference; includeInIndex = 1; lastKnownFileType = text.xcconfig; name = "Pods-TumblrUITests.release.xcconfig"; path = "Pods/Target Support Files/Pods-TumblrUITests/Pods-TumblrUITests.release.xcconfig"; sourceTree = "<group>"; };
		ECF051809F872BF58BAE157D /* Pods_TumblrTests.framework */ = {isa = PBXFileReference; explicitFileType = wrapper.framework; includeInIndex = 0; path = Pods_TumblrTests.framework; sourceTree = BUILT_PRODUCTS_DIR; };
		F5DAAD8BC8CB8C2FCF112A91 /* Pods-TumblrTests.release.xcconfig */ = {isa = PBXFileReference; includeInIndex = 1; lastKnownFileType = text.xcconfig; name = "Pods-TumblrTests.release.xcconfig"; path = "Pods/Target Support Files/Pods-TumblrTests/Pods-TumblrTests.release.xcconfig"; sourceTree = "<group>"; };
		FDBC725335877B0BFB06F5F9 /* Pods_Tumblr.framework */ = {isa = PBXFileReference; explicitFileType = wrapper.framework; includeInIndex = 0; path = Pods_Tumblr.framework; sourceTree = BUILT_PRODUCTS_DIR; };
/* End PBXFileReference section */

/* Begin PBXFrameworksBuildPhase section */
		3CD1778F213FA3A4004E6F41 /* Frameworks */ = {
			isa = PBXFrameworksBuildPhase;
			buildActionMask = 2147483647;
			files = (
				B78FB835FC362BE440ECFA64 /* Pods_Tumblr.framework in Frameworks */,
			);
			runOnlyForDeploymentPostprocessing = 0;
		};
		3CD177A3213FA3A8004E6F41 /* Frameworks */ = {
			isa = PBXFrameworksBuildPhase;
			buildActionMask = 2147483647;
			files = (
				908DAE97ACB1F270B5CCB568 /* Pods_TumblrTests.framework in Frameworks */,
			);
			runOnlyForDeploymentPostprocessing = 0;
		};
		3CD177AE213FA3A8004E6F41 /* Frameworks */ = {
			isa = PBXFrameworksBuildPhase;
			buildActionMask = 2147483647;
			files = (
				AE638023D41507916E568197 /* Pods_TumblrUITests.framework in Frameworks */,
			);
			runOnlyForDeploymentPostprocessing = 0;
		};
/* End PBXFrameworksBuildPhase section */

/* Begin PBXGroup section */
		3CD17789213FA3A4004E6F41 = {
			isa = PBXGroup;
			children = (
				3CD17794213FA3A4004E6F41 /* Tumblr */,
				3CD177A9213FA3A8004E6F41 /* TumblrTests */,
				3CD177B4213FA3A8004E6F41 /* TumblrUITests */,
				3CD17793213FA3A4004E6F41 /* Products */,
				B225F4CB92154599EE4AF049 /* Pods */,
				5B122179D77C16D371F2756A /* Frameworks */,
			);
			sourceTree = "<group>";
		};
		3CD17793213FA3A4004E6F41 /* Products */ = {
			isa = PBXGroup;
			children = (
				3CD17792213FA3A4004E6F41 /* Tumblr.app */,
				3CD177A6213FA3A8004E6F41 /* TumblrTests.xctest */,
				3CD177B1213FA3A8004E6F41 /* TumblrUITests.xctest */,
			);
			name = Products;
			sourceTree = "<group>";
		};
		3CD17794213FA3A4004E6F41 /* Tumblr */ = {
			isa = PBXGroup;
			children = (
				3CD17795213FA3A4004E6F41 /* AppDelegate.swift */,
				3CD17799213FA3A4004E6F41 /* Main.storyboard */,
				3CD1779C213FA3A7004E6F41 /* Assets.xcassets */,
				3CD1779E213FA3A7004E6F41 /* LaunchScreen.storyboard */,
				3CD177A1213FA3A7004E6F41 /* Info.plist */,
				3CB445E1213FA6520056AC12 /* PhotosViewController.swift */,
				3C5668382140EE81004575D2 /* PhotoCell.swift */,
			);
			path = Tumblr;
			sourceTree = "<group>";
		};
		3CD177A9213FA3A8004E6F41 /* TumblrTests */ = {
			isa = PBXGroup;
			children = (
				3CD177AA213FA3A8004E6F41 /* TumblrTests.swift */,
				3CD177AC213FA3A8004E6F41 /* Info.plist */,
			);
			path = TumblrTests;
			sourceTree = "<group>";
		};
		3CD177B4213FA3A8004E6F41 /* TumblrUITests */ = {
			isa = PBXGroup;
			children = (
				3CD177B5213FA3A8004E6F41 /* TumblrUITests.swift */,
				3CD177B7213FA3A8004E6F41 /* Info.plist */,
			);
			path = TumblrUITests;
			sourceTree = "<group>";
		};
		5B122179D77C16D371F2756A /* Frameworks */ = {
			isa = PBXGroup;
			children = (
				FDBC725335877B0BFB06F5F9 /* Pods_Tumblr.framework */,
				ECF051809F872BF58BAE157D /* Pods_TumblrTests.framework */,
				E2B7759D7B5AE31562F3D5D5 /* Pods_TumblrUITests.framework */,
			);
			name = Frameworks;
			sourceTree = "<group>";
		};
		B225F4CB92154599EE4AF049 /* Pods */ = {
			isa = PBXGroup;
			children = (
				E5457224CAD477A398082B84 /* Pods-Tumblr.debug.xcconfig */,
				B9141C0C8DEE46626AA06760 /* Pods-Tumblr.release.xcconfig */,
				C44EDE2B262B11FACEA7EA1E /* Pods-TumblrTests.debug.xcconfig */,
				F5DAAD8BC8CB8C2FCF112A91 /* Pods-TumblrTests.release.xcconfig */,
				5CC1058BAC68A3E9178F2DCB /* Pods-TumblrUITests.debug.xcconfig */,
				E5CC570FCC77649C20382FD0 /* Pods-TumblrUITests.release.xcconfig */,
			);
			name = Pods;
			sourceTree = "<group>";
		};
/* End PBXGroup section */

/* Begin PBXNativeTarget section */
		3CD17791213FA3A4004E6F41 /* Tumblr */ = {
			isa = PBXNativeTarget;
			buildConfigurationList = 3CD177BA213FA3A8004E6F41 /* Build configuration list for PBXNativeTarget "Tumblr" */;
			buildPhases = (
				53CF5AF4E997444CAE8FB3A3 /* [CP] Check Pods Manifest.lock */,
				3CD1778E213FA3A4004E6F41 /* Sources */,
				3CD1778F213FA3A4004E6F41 /* Frameworks */,
				3CD17790213FA3A4004E6F41 /* Resources */,
				5D41D7FDE4E5BBA12E1379EF /* [CP] Embed Pods Frameworks */,
			);
			buildRules = (
			);
			dependencies = (
			);
			name = Tumblr;
			productName = Tumblr;
			productReference = 3CD17792213FA3A4004E6F41 /* Tumblr.app */;
			productType = "com.apple.product-type.application";
		};
		3CD177A5213FA3A8004E6F41 /* TumblrTests */ = {
			isa = PBXNativeTarget;
			buildConfigurationList = 3CD177BD213FA3A8004E6F41 /* Build configuration list for PBXNativeTarget "TumblrTests" */;
			buildPhases = (
				E8127C4B13FF7F693D32A4B5 /* [CP] Check Pods Manifest.lock */,
				3CD177A2213FA3A8004E6F41 /* Sources */,
				3CD177A3213FA3A8004E6F41 /* Frameworks */,
				3CD177A4213FA3A8004E6F41 /* Resources */,
			);
			buildRules = (
			);
			dependencies = (
				3CD177A8213FA3A8004E6F41 /* PBXTargetDependency */,
			);
			name = TumblrTests;
			productName = TumblrTests;
			productReference = 3CD177A6213FA3A8004E6F41 /* TumblrTests.xctest */;
			productType = "com.apple.product-type.bundle.unit-test";
		};
		3CD177B0213FA3A8004E6F41 /* TumblrUITests */ = {
			isa = PBXNativeTarget;
			buildConfigurationList = 3CD177C0213FA3A8004E6F41 /* Build configuration list for PBXNativeTarget "TumblrUITests" */;
			buildPhases = (
				053B598F24D35F1D378C5BAD /* [CP] Check Pods Manifest.lock */,
				3CD177AD213FA3A8004E6F41 /* Sources */,
				3CD177AE213FA3A8004E6F41 /* Frameworks */,
				3CD177AF213FA3A8004E6F41 /* Resources */,
			);
			buildRules = (
			);
			dependencies = (
				3CD177B3213FA3A8004E6F41 /* PBXTargetDependency */,
			);
			name = TumblrUITests;
			productName = TumblrUITests;
			productReference = 3CD177B1213FA3A8004E6F41 /* TumblrUITests.xctest */;
			productType = "com.apple.product-type.bundle.ui-testing";
		};
/* End PBXNativeTarget section */

/* Begin PBXProject section */
		3CD1778A213FA3A4004E6F41 /* Project object */ = {
			isa = PBXProject;
			attributes = {
				LastSwiftUpdateCheck = 0940;
				LastUpgradeCheck = 0940;
				ORGANIZATIONNAME = "Donie Ypon";
				TargetAttributes = {
					3CD17791213FA3A4004E6F41 = {
						CreatedOnToolsVersion = 9.4.1;
					};
					3CD177A5213FA3A8004E6F41 = {
						CreatedOnToolsVersion = 9.4.1;
						TestTargetID = 3CD17791213FA3A4004E6F41;
					};
					3CD177B0213FA3A8004E6F41 = {
						CreatedOnToolsVersion = 9.4.1;
						TestTargetID = 3CD17791213FA3A4004E6F41;
					};
				};
			};
			buildConfigurationList = 3CD1778D213FA3A4004E6F41 /* Build configuration list for PBXProject "Tumblr" */;
			compatibilityVersion = "Xcode 9.3";
			developmentRegion = en;
			hasScannedForEncodings = 0;
			knownRegions = (
				en,
				Base,
			);
			mainGroup = 3CD17789213FA3A4004E6F41;
			productRefGroup = 3CD17793213FA3A4004E6F41 /* Products */;
			projectDirPath = "";
			projectRoot = "";
			targets = (
				3CD17791213FA3A4004E6F41 /* Tumblr */,
				3CD177A5213FA3A8004E6F41 /* TumblrTests */,
				3CD177B0213FA3A8004E6F41 /* TumblrUITests */,
			);
		};
/* End PBXProject section */

/* Begin PBXResourcesBuildPhase section */
		3CD17790213FA3A4004E6F41 /* Resources */ = {
			isa = PBXResourcesBuildPhase;
			buildActionMask = 2147483647;
			files = (
				3CD177A0213FA3A7004E6F41 /* LaunchScreen.storyboard in Resources */,
				3CD1779D213FA3A7004E6F41 /* Assets.xcassets in Resources */,
				3CD1779B213FA3A4004E6F41 /* Main.storyboard in Resources */,
			);
			runOnlyForDeploymentPostprocessing = 0;
		};
		3CD177A4213FA3A8004E6F41 /* Resources */ = {
			isa = PBXResourcesBuildPhase;
			buildActionMask = 2147483647;
			files = (
			);
			runOnlyForDeploymentPostprocessing = 0;
		};
		3CD177AF213FA3A8004E6F41 /* Resources */ = {
			isa = PBXResourcesBuildPhase;
			buildActionMask = 2147483647;
			files = (
			);
			runOnlyForDeploymentPostprocessing = 0;
		};
/* End PBXResourcesBuildPhase section */

/* Begin PBXShellScriptBuildPhase section */
		053B598F24D35F1D378C5BAD /* [CP] Check Pods Manifest.lock */ = {
			isa = PBXShellScriptBuildPhase;
			buildActionMask = 2147483647;
			files = (
			);
			inputPaths = (
				"${PODS_PODFILE_DIR_PATH}/Podfile.lock",
				"${PODS_ROOT}/Manifest.lock",
			);
			name = "[CP] Check Pods Manifest.lock";
			outputPaths = (
				"$(DERIVED_FILE_DIR)/Pods-TumblrUITests-checkManifestLockResult.txt",
			);
			runOnlyForDeploymentPostprocessing = 0;
			shellPath = /bin/sh;
			shellScript = "diff \"${PODS_PODFILE_DIR_PATH}/Podfile.lock\" \"${PODS_ROOT}/Manifest.lock\" > /dev/null\nif [ $? != 0 ] ; then\n    # print error to STDERR\n    echo \"error: The sandbox is not in sync with the Podfile.lock. Run 'pod install' or update your CocoaPods installation.\" >&2\n    exit 1\nfi\n# This output is used by Xcode 'outputs' to avoid re-running this script phase.\necho \"SUCCESS\" > \"${SCRIPT_OUTPUT_FILE_0}\"\n";
			showEnvVarsInLog = 0;
		};
		53CF5AF4E997444CAE8FB3A3 /* [CP] Check Pods Manifest.lock */ = {
			isa = PBXShellScriptBuildPhase;
			buildActionMask = 2147483647;
			files = (
			);
			inputPaths = (
				"${PODS_PODFILE_DIR_PATH}/Podfile.lock",
				"${PODS_ROOT}/Manifest.lock",
			);
			name = "[CP] Check Pods Manifest.lock";
			outputPaths = (
				"$(DERIVED_FILE_DIR)/Pods-Tumblr-checkManifestLockResult.txt",
			);
			runOnlyForDeploymentPostprocessing = 0;
			shellPath = /bin/sh;
			shellScript = "diff \"${PODS_PODFILE_DIR_PATH}/Podfile.lock\" \"${PODS_ROOT}/Manifest.lock\" > /dev/null\nif [ $? != 0 ] ; then\n    # print error to STDERR\n    echo \"error: The sandbox is not in sync with the Podfile.lock. Run 'pod install' or update your CocoaPods installation.\" >&2\n    exit 1\nfi\n# This output is used by Xcode 'outputs' to avoid re-running this script phase.\necho \"SUCCESS\" > \"${SCRIPT_OUTPUT_FILE_0}\"\n";
			showEnvVarsInLog = 0;
		};
		5D41D7FDE4E5BBA12E1379EF /* [CP] Embed Pods Frameworks */ = {
			isa = PBXShellScriptBuildPhase;
			buildActionMask = 2147483647;
			files = (
			);
			inputPaths = (
				"${SRCROOT}/Pods/Target Support Files/Pods-Tumblr/Pods-Tumblr-frameworks.sh",
				"${BUILT_PRODUCTS_DIR}/Alamofire/Alamofire.framework",
				"${BUILT_PRODUCTS_DIR}/AlamofireImage/AlamofireImage.framework",
			);
			name = "[CP] Embed Pods Frameworks";
			outputPaths = (
				"${TARGET_BUILD_DIR}/${FRAMEWORKS_FOLDER_PATH}/Alamofire.framework",
				"${TARGET_BUILD_DIR}/${FRAMEWORKS_FOLDER_PATH}/AlamofireImage.framework",
			);
			runOnlyForDeploymentPostprocessing = 0;
			shellPath = /bin/sh;
			shellScript = "\"${SRCROOT}/Pods/Target Support Files/Pods-Tumblr/Pods-Tumblr-frameworks.sh\"\n";
			showEnvVarsInLog = 0;
		};
		E8127C4B13FF7F693D32A4B5 /* [CP] Check Pods Manifest.lock */ = {
			isa = PBXShellScriptBuildPhase;
			buildActionMask = 2147483647;
			files = (
			);
			inputPaths = (
				"${PODS_PODFILE_DIR_PATH}/Podfile.lock",
				"${PODS_ROOT}/Manifest.lock",
			);
			name = "[CP] Check Pods Manifest.lock";
			outputPaths = (
				"$(DERIVED_FILE_DIR)/Pods-TumblrTests-checkManifestLockResult.txt",
			);
			runOnlyForDeploymentPostprocessing = 0;
			shellPath = /bin/sh;
			shellScript = "diff \"${PODS_PODFILE_DIR_PATH}/Podfile.lock\" \"${PODS_ROOT}/Manifest.lock\" > /dev/null\nif [ $? != 0 ] ; then\n    # print error to STDERR\n    echo \"error: The sandbox is not in sync with the Podfile.lock. Run 'pod install' or update your CocoaPods installation.\" >&2\n    exit 1\nfi\n# This output is used by Xcode 'outputs' to avoid re-running this script phase.\necho \"SUCCESS\" > \"${SCRIPT_OUTPUT_FILE_0}\"\n";
			showEnvVarsInLog = 0;
		};
/* End PBXShellScriptBuildPhase section */

/* Begin PBXSourcesBuildPhase section */
		3CD1778E213FA3A4004E6F41 /* Sources */ = {
			isa = PBXSourcesBuildPhase;
			buildActionMask = 2147483647;
			files = (
				3CD17796213FA3A4004E6F41 /* AppDelegate.swift in Sources */,
				3C5668392140EE81004575D2 /* PhotoCell.swift in Sources */,
				3CB445E2213FA6520056AC12 /* PhotosViewController.swift in Sources */,
			);
			runOnlyForDeploymentPostprocessing = 0;
		};
		3CD177A2213FA3A8004E6F41 /* Sources */ = {
			isa = PBXSourcesBuildPhase;
			buildActionMask = 2147483647;
			files = (
				3CD177AB213FA3A8004E6F41 /* TumblrTests.swift in Sources */,
			);
			runOnlyForDeploymentPostprocessing = 0;
		};
		3CD177AD213FA3A8004E6F41 /* Sources */ = {
			isa = PBXSourcesBuildPhase;
			buildActionMask = 2147483647;
			files = (
				3CD177B6213FA3A8004E6F41 /* TumblrUITests.swift in Sources */,
			);
			runOnlyForDeploymentPostprocessing = 0;
		};
/* End PBXSourcesBuildPhase section */

/* Begin PBXTargetDependency section */
		3CD177A8213FA3A8004E6F41 /* PBXTargetDependency */ = {
			isa = PBXTargetDependency;
			target = 3CD17791213FA3A4004E6F41 /* Tumblr */;
			targetProxy = 3CD177A7213FA3A8004E6F41 /* PBXContainerItemProxy */;
		};
		3CD177B3213FA3A8004E6F41 /* PBXTargetDependency */ = {
			isa = PBXTargetDependency;
			target = 3CD17791213FA3A4004E6F41 /* Tumblr */;
			targetProxy = 3CD177B2213FA3A8004E6F41 /* PBXContainerItemProxy */;
		};
/* End PBXTargetDependency section */

/* Begin PBXVariantGroup section */
		3CD17799213FA3A4004E6F41 /* Main.storyboard */ = {
			isa = PBXVariantGroup;
			children = (
				3CD1779A213FA3A4004E6F41 /* Base */,
			);
			name = Main.storyboard;
			sourceTree = "<group>";
		};
		3CD1779E213FA3A7004E6F41 /* LaunchScreen.storyboard */ = {
			isa = PBXVariantGroup;
			children = (
				3CD1779F213FA3A7004E6F41 /* Base */,
			);
			name = LaunchScreen.storyboard;
			sourceTree = "<group>";
		};
/* End PBXVariantGroup section */

/* Begin XCBuildConfiguration section */
		3CD177B8213FA3A8004E6F41 /* Debug */ = {
			isa = XCBuildConfiguration;
			buildSettings = {
				ALWAYS_SEARCH_USER_PATHS = NO;
				CLANG_ANALYZER_NONNULL = YES;
				CLANG_ANALYZER_NUMBER_OBJECT_CONVERSION = YES_AGGRESSIVE;
				CLANG_CXX_LANGUAGE_STANDARD = "gnu++14";
				CLANG_CXX_LIBRARY = "libc++";
				CLANG_ENABLE_MODULES = YES;
				CLANG_ENABLE_OBJC_ARC = YES;
				CLANG_ENABLE_OBJC_WEAK = YES;
				CLANG_WARN_BLOCK_CAPTURE_AUTORELEASING = YES;
				CLANG_WARN_BOOL_CONVERSION = YES;
				CLANG_WARN_COMMA = YES;
				CLANG_WARN_CONSTANT_CONVERSION = YES;
				CLANG_WARN_DEPRECATED_OBJC_IMPLEMENTATIONS = YES;
				CLANG_WARN_DIRECT_OBJC_ISA_USAGE = YES_ERROR;
				CLANG_WARN_DOCUMENTATION_COMMENTS = YES;
				CLANG_WARN_EMPTY_BODY = YES;
				CLANG_WARN_ENUM_CONVERSION = YES;
				CLANG_WARN_INFINITE_RECURSION = YES;
				CLANG_WARN_INT_CONVERSION = YES;
				CLANG_WARN_NON_LITERAL_NULL_CONVERSION = YES;
				CLANG_WARN_OBJC_IMPLICIT_RETAIN_SELF = YES;
				CLANG_WARN_OBJC_LITERAL_CONVERSION = YES;
				CLANG_WARN_OBJC_ROOT_CLASS = YES_ERROR;
				CLANG_WARN_RANGE_LOOP_ANALYSIS = YES;
				CLANG_WARN_STRICT_PROTOTYPES = YES;
				CLANG_WARN_SUSPICIOUS_MOVE = YES;
				CLANG_WARN_UNGUARDED_AVAILABILITY = YES_AGGRESSIVE;
				CLANG_WARN_UNREACHABLE_CODE = YES;
				CLANG_WARN__DUPLICATE_METHOD_MATCH = YES;
				CODE_SIGN_IDENTITY = "iPhone Developer";
				COPY_PHASE_STRIP = NO;
				DEBUG_INFORMATION_FORMAT = dwarf;
				ENABLE_STRICT_OBJC_MSGSEND = YES;
				ENABLE_TESTABILITY = YES;
				GCC_C_LANGUAGE_STANDARD = gnu11;
				GCC_DYNAMIC_NO_PIC = NO;
				GCC_NO_COMMON_BLOCKS = YES;
				GCC_OPTIMIZATION_LEVEL = 0;
				GCC_PREPROCESSOR_DEFINITIONS = (
					"DEBUG=1",
					"$(inherited)",
				);
				GCC_WARN_64_TO_32_BIT_CONVERSION = YES;
				GCC_WARN_ABOUT_RETURN_TYPE = YES_ERROR;
				GCC_WARN_UNDECLARED_SELECTOR = YES;
				GCC_WARN_UNINITIALIZED_AUTOS = YES_AGGRESSIVE;
				GCC_WARN_UNUSED_FUNCTION = YES;
				GCC_WARN_UNUSED_VARIABLE = YES;
				IPHONEOS_DEPLOYMENT_TARGET = 11.4;
				MTL_ENABLE_DEBUG_INFO = YES;
				ONLY_ACTIVE_ARCH = YES;
				SDKROOT = iphoneos;
				SWIFT_ACTIVE_COMPILATION_CONDITIONS = DEBUG;
				SWIFT_OPTIMIZATION_LEVEL = "-Onone";
			};
			name = Debug;
		};
		3CD177B9213FA3A8004E6F41 /* Release */ = {
			isa = XCBuildConfiguration;
			buildSettings = {
				ALWAYS_SEARCH_USER_PATHS = NO;
				CLANG_ANALYZER_NONNULL = YES;
				CLANG_ANALYZER_NUMBER_OBJECT_CONVERSION = YES_AGGRESSIVE;
				CLANG_CXX_LANGUAGE_STANDARD = "gnu++14";
				CLANG_CXX_LIBRARY = "libc++";
				CLANG_ENABLE_MODULES = YES;
				CLANG_ENABLE_OBJC_ARC = YES;
				CLANG_ENABLE_OBJC_WEAK = YES;
				CLANG_WARN_BLOCK_CAPTURE_AUTORELEASING = YES;
				CLANG_WARN_BOOL_CONVERSION = YES;
				CLANG_WARN_COMMA = YES;
				CLANG_WARN_CONSTANT_CONVERSION = YES;
				CLANG_WARN_DEPRECATED_OBJC_IMPLEMENTATIONS = YES;
				CLANG_WARN_DIRECT_OBJC_ISA_USAGE = YES_ERROR;
				CLANG_WARN_DOCUMENTATION_COMMENTS = YES;
				CLANG_WARN_EMPTY_BODY = YES;
				CLANG_WARN_ENUM_CONVERSION = YES;
				CLANG_WARN_INFINITE_RECURSION = YES;
				CLANG_WARN_INT_CONVERSION = YES;
				CLANG_WARN_NON_LITERAL_NULL_CONVERSION = YES;
				CLANG_WARN_OBJC_IMPLICIT_RETAIN_SELF = YES;
				CLANG_WARN_OBJC_LITERAL_CONVERSION = YES;
				CLANG_WARN_OBJC_ROOT_CLASS = YES_ERROR;
				CLANG_WARN_RANGE_LOOP_ANALYSIS = YES;
				CLANG_WARN_STRICT_PROTOTYPES = YES;
				CLANG_WARN_SUSPICIOUS_MOVE = YES;
				CLANG_WARN_UNGUARDED_AVAILABILITY = YES_AGGRESSIVE;
				CLANG_WARN_UNREACHABLE_CODE = YES;
				CLANG_WARN__DUPLICATE_METHOD_MATCH = YES;
				CODE_SIGN_IDENTITY = "iPhone Developer";
				COPY_PHASE_STRIP = NO;
				DEBUG_INFORMATION_FORMAT = "dwarf-with-dsym";
				ENABLE_NS_ASSERTIONS = NO;
				ENABLE_STRICT_OBJC_MSGSEND = YES;
				GCC_C_LANGUAGE_STANDARD = gnu11;
				GCC_NO_COMMON_BLOCKS = YES;
				GCC_WARN_64_TO_32_BIT_CONVERSION = YES;
				GCC_WARN_ABOUT_RETURN_TYPE = YES_ERROR;
				GCC_WARN_UNDECLARED_SELECTOR = YES;
				GCC_WARN_UNINITIALIZED_AUTOS = YES_AGGRESSIVE;
				GCC_WARN_UNUSED_FUNCTION = YES;
				GCC_WARN_UNUSED_VARIABLE = YES;
				IPHONEOS_DEPLOYMENT_TARGET = 11.4;
				MTL_ENABLE_DEBUG_INFO = NO;
				SDKROOT = iphoneos;
				SWIFT_COMPILATION_MODE = wholemodule;
				SWIFT_OPTIMIZATION_LEVEL = "-O";
				VALIDATE_PRODUCT = YES;
			};
			name = Release;
		};
		3CD177BB213FA3A8004E6F41 /* Debug */ = {
			isa = XCBuildConfiguration;
			baseConfigurationReference = E5457224CAD477A398082B84 /* Pods-Tumblr.debug.xcconfig */;
			buildSettings = {
				ASSETCATALOG_COMPILER_APPICON_NAME = AppIcon;
				CODE_SIGN_STYLE = Automatic;
				INFOPLIST_FILE = Tumblr/Info.plist;
				LD_RUNPATH_SEARCH_PATHS = (
					"$(inherited)",
					"@executable_path/Frameworks",
				);
				PRODUCT_BUNDLE_IDENTIFIER = donie.Tumblr;
				PRODUCT_NAME = "$(TARGET_NAME)";
				SWIFT_VERSION = 4.0;
				TARGETED_DEVICE_FAMILY = "1,2";
			};
			name = Debug;
		};
		3CD177BC213FA3A8004E6F41 /* Release */ = {
			isa = XCBuildConfiguration;
			baseConfigurationReference = B9141C0C8DEE46626AA06760 /* Pods-Tumblr.release.xcconfig */;
			buildSettings = {
				ASSETCATALOG_COMPILER_APPICON_NAME = AppIcon;
				CODE_SIGN_STYLE = Automatic;
				INFOPLIST_FILE = Tumblr/Info.plist;
				LD_RUNPATH_SEARCH_PATHS = (
					"$(inherited)",
					"@executable_path/Frameworks",
				);
				PRODUCT_BUNDLE_IDENTIFIER = donie.Tumblr;
				PRODUCT_NAME = "$(TARGET_NAME)";
				SWIFT_VERSION = 4.0;
				TARGETED_DEVICE_FAMILY = "1,2";
			};
			name = Release;
		};
		3CD177BE213FA3A8004E6F41 /* Debug */ = {
			isa = XCBuildConfiguration;
			baseConfigurationReference = C44EDE2B262B11FACEA7EA1E /* Pods-TumblrTests.debug.xcconfig */;
			buildSettings = {
				ALWAYS_EMBED_SWIFT_STANDARD_LIBRARIES = YES;
				BUNDLE_LOADER = "$(TEST_HOST)";
				CODE_SIGN_STYLE = Automatic;
				INFOPLIST_FILE = TumblrTests/Info.plist;
				LD_RUNPATH_SEARCH_PATHS = (
					"$(inherited)",
					"@executable_path/Frameworks",
					"@loader_path/Frameworks",
				);
				PRODUCT_BUNDLE_IDENTIFIER = donie.TumblrTests;
				PRODUCT_NAME = "$(TARGET_NAME)";
				SWIFT_VERSION = 4.0;
				TARGETED_DEVICE_FAMILY = "1,2";
				TEST_HOST = "$(BUILT_PRODUCTS_DIR)/Tumblr.app/Tumblr";
			};
			name = Debug;
		};
		3CD177BF213FA3A8004E6F41 /* Release */ = {
			isa = XCBuildConfiguration;
			baseConfigurationReference = F5DAAD8BC8CB8C2FCF112A91 /* Pods-TumblrTests.release.xcconfig */;
			buildSettings = {
				ALWAYS_EMBED_SWIFT_STANDARD_LIBRARIES = YES;
				BUNDLE_LOADER = "$(TEST_HOST)";
				CODE_SIGN_STYLE = Automatic;
				INFOPLIST_FILE = TumblrTests/Info.plist;
				LD_RUNPATH_SEARCH_PATHS = (
					"$(inherited)",
					"@executable_path/Frameworks",
					"@loader_path/Frameworks",
				);
				PRODUCT_BUNDLE_IDENTIFIER = donie.TumblrTests;
				PRODUCT_NAME = "$(TARGET_NAME)";
				SWIFT_VERSION = 4.0;
				TARGETED_DEVICE_FAMILY = "1,2";
				TEST_HOST = "$(BUILT_PRODUCTS_DIR)/Tumblr.app/Tumblr";
			};
			name = Release;
		};
		3CD177C1213FA3A8004E6F41 /* Debug */ = {
			isa = XCBuildConfiguration;
			baseConfigurationReference = 5CC1058BAC68A3E9178F2DCB /* Pods-TumblrUITests.debug.xcconfig */;
			buildSettings = {
				ALWAYS_EMBED_SWIFT_STANDARD_LIBRARIES = YES;
				CODE_SIGN_STYLE = Automatic;
				INFOPLIST_FILE = TumblrUITests/Info.plist;
				LD_RUNPATH_SEARCH_PATHS = (
					"$(inherited)",
					"@executable_path/Frameworks",
					"@loader_path/Frameworks",
				);
				PRODUCT_BUNDLE_IDENTIFIER = donie.TumblrUITests;
				PRODUCT_NAME = "$(TARGET_NAME)";
				SWIFT_VERSION = 4.0;
				TARGETED_DEVICE_FAMILY = "1,2";
				TEST_TARGET_NAME = Tumblr;
			};
			name = Debug;
		};
		3CD177C2213FA3A8004E6F41 /* Release */ = {
			isa = XCBuildConfiguration;
			baseConfigurationReference = E5CC570FCC77649C20382FD0 /* Pods-TumblrUITests.release.xcconfig */;
			buildSettings = {
				ALWAYS_EMBED_SWIFT_STANDARD_LIBRARIES = YES;
				CODE_SIGN_STYLE = Automatic;
				INFOPLIST_FILE = TumblrUITests/Info.plist;
				LD_RUNPATH_SEARCH_PATHS = (
					"$(inherited)",
					"@executable_path/Frameworks",
					"@loader_path/Frameworks",
				);
				PRODUCT_BUNDLE_IDENTIFIER = donie.TumblrUITests;
				PRODUCT_NAME = "$(TARGET_NAME)";
				SWIFT_VERSION = 4.0;
				TARGETED_DEVICE_FAMILY = "1,2";
				TEST_TARGET_NAME = Tumblr;
			};
			name = Release;
		};
/* End XCBuildConfiguration section */

/* Begin XCConfigurationList section */
		3CD1778D213FA3A4004E6F41 /* Build configuration list for PBXProject "Tumblr" */ = {
			isa = XCConfigurationList;
			buildConfigurations = (
				3CD177B8213FA3A8004E6F41 /* Debug */,
				3CD177B9213FA3A8004E6F41 /* Release */,
			);
			defaultConfigurationIsVisible = 0;
			defaultConfigurationName = Release;
		};
		3CD177BA213FA3A8004E6F41 /* Build configuration list for PBXNativeTarget "Tumblr" */ = {
			isa = XCConfigurationList;
			buildConfigurations = (
				3CD177BB213FA3A8004E6F41 /* Debug */,
				3CD177BC213FA3A8004E6F41 /* Release */,
			);
			defaultConfigurationIsVisible = 0;
			defaultConfigurationName = Release;
		};
		3CD177BD213FA3A8004E6F41 /* Build configuration list for PBXNativeTarget "TumblrTests" */ = {
			isa = XCConfigurationList;
			buildConfigurations = (
				3CD177BE213FA3A8004E6F41 /* Debug */,
				3CD177BF213FA3A8004E6F41 /* Release */,
			);
			defaultConfigurationIsVisible = 0;
			defaultConfigurationName = Release;
		};
		3CD177C0213FA3A8004E6F41 /* Build configuration list for PBXNativeTarget "TumblrUITests" */ = {
			isa = XCConfigurationList;
			buildConfigurations = (
				3CD177C1213FA3A8004E6F41 /* Debug */,
				3CD177C2213FA3A8004E6F41 /* Release */,
			);
			defaultConfigurationIsVisible = 0;
			defaultConfigurationName = Release;
		};
/* End XCConfigurationList section */
	};
	rootObject = 3CD1778A213FA3A4004E6F41 /* Project object */;
}
